
Microsoft Visual Studio Solution File, Format Version 12.00
# Visual Studio Version 16
VisualStudioVersion = 16.0.31005.135
MinimumVisualStudioVersion = 10.0.40219.1
Project("{FAE04EC0-301F-11D3-BF4B-00C04F79EFBC}") = "Classes_Hierarchy_In_CS", "Classes_Hierarchy_In_CS.csproj", "{07824426-286C-4634-829E-BCD34B45A0C8}"
EndProject
Project("{FAE04EC0-301F-11D3-BF4B-00C04F79EFBC}") = "Classes_In_CS", "Classes_In_CS\Classes_In_CS.csproj", "{C5F66E2C-7A03-4A96-9BE5-93A31D0E1E38}"
EndProject
Global
	GlobalSection(SolutionConfigurationPlatforms) = preSolution
		Debug|Any CPU = Debug|Any CPU
		Release|Any CPU = Release|Any CPU
	EndGlobalSection
	GlobalSection(ProjectConfigurationPlatforms) = postSolution
		{07824426-286C-4634-829E-BCD34B45A0C8}.Debug|Any CPU.ActiveCfg = Debug|Any CPU
		{07824426-286C-4634-829E-BCD34B45A0C8}.Debug|Any CPU.Build.0 = Debug|Any CPU
		{07824426-286C-4634-829E-BCD34B45A0C8}.Release|Any CPU.ActiveCfg = Release|Any CPU
		{07824426-286C-4634-829E-BCD34B45A0C8}.Release|Any CPU.Build.0 = Release|Any CPU
		{C5F66E2C-7A03-4A96-9BE5-93A31D0E1E38}.Debug|Any CPU.ActiveCfg = Debug|Any CPU
		{C5F66E2C-7A03-4A96-9BE5-93A31D0E1E38}.Debug|Any CPU.Build.0 = Debug|Any CPU
		{C5F66E2C-7A03-4A96-9BE5-93A31D0E1E38}.Release|Any CPU.ActiveCfg = Release|Any CPU
		{C5F66E2C-7A03-4A96-9BE5-93A31D0E1E38}.Release|Any CPU.Build.0 = Release|Any CPU
	EndGlobalSection
	GlobalSection(SolutionProperties) = preSolution
		HideSolutionNode = FALSE
	EndGlobalSection
	GlobalSection(ExtensibilityGlobals) = postSolution
		SolutionGuid = {E17272EF-857C-4FCC-B959-F49D7A28BB27}
	EndGlobalSection
EndGlobal
